// !$*UTF8*$!
{
	archiveVersion = 1;
	classes = {
	};
	objectVersion = 46;
	objects = {

/* Begin PBXBuildFile section */
		DD23A1FA1CB43BE600ACD608 /* main.cpp in Sources */ = {isa = PBXBuildFile; fileRef = DD23A1F91CB43BE600ACD608 /* main.cpp */; };
/* End PBXBuildFile section */

/* Begin PBXCopyFilesBuildPhase section */
		DD23A1F41CB43BE600ACD608 /* CopyFiles */ = {
			isa = PBXCopyFilesBuildPhase;
			buildActionMask = 2147483647;
			dstPath = /usr/share/man/man1/;
			dstSubfolderSpec = 0;
			files = (
			);
			runOnlyForDeploymentPostprocessing = 1;
		};
/* End PBXCopyFilesBuildPhase section */

/* Begin PBXFileReference section */
		DD23A1F61CB43BE600ACD608 /* agenda */ = {isa = PBXFileReference; explicitFileType = "compiled.mach-o.executable"; includeInIndex = 0; path = agenda; sourceTree = BUILT_PRODUCTS_DIR; };
		DD23A1F91CB43BE600ACD608 /* main.cpp */ = {isa = PBXFileReference; lastKnownFileType = sourcecode.cpp.cpp; path = main.cpp; sourceTree = "<group>"; };
/* End PBXFileReference section */

/* Begin PBXFrameworksBuildPhase section */
		DD23A1F31CB43BE600ACD608 /* Frameworks */ = {
			isa = PBXFrameworksBuildPhase;
			buildActionMask = 2147483647;
			files = (
			);
			runOnlyForDeploymentPostprocessing = 0;
		};
/* End PBXFrameworksBuildPhase section */

/* Begin PBXGroup section */
		DD23A1ED1CB43BE600ACD608 = {
			isa = PBXGroup;
			children = (
				DD23A1F81CB43BE600ACD608 /* agenda */,
				DD23A1F71CB43BE600ACD608 /* Products */,
			);
			sourceTree = "<group>";
		};
		DD23A1F71CB43BE600ACD608 /* Products */ = {
			isa = PBXGroup;
			children = (
				DD23A1F61CB43BE600ACD608 /* agenda */,
			);
			name = Products;
			sourceTree = "<group>";
		};
		DD23A1F81CB43BE600ACD608 /* agenda */ = {
			isa = PBXGroup;
			children = (
				DD23A1F91CB43BE600ACD608 /* main.cpp */,
			);
			path = agenda;
			sourceTree = "<group>";
		};
/* End PBXGroup section */

/* Begin PBXNativeTarget section */
		DD23A1F51CB43BE600ACD608 /* agenda */ = {
			isa = PBXNativeTarget;
			buildConfigurationList = DD23A1FD1CB43BE600ACD608 /* Build configuration list for PBXNativeTarget "agenda" */;
			buildPhases = (
				DD23A1F21CB43BE600ACD608 /* Sources */,
				DD23A1F31CB43BE600ACD608 /* Frameworks */,
				DD23A1F41CB43BE600ACD608 /* CopyFiles */,
			);
			buildRules = (
			);
			dependencies = (
			);
			name = agenda;
			productName = agenda;
			productReference = DD23A1F61CB43BE600ACD608 /* agenda */;
			productType = "com.apple.product-type.tool";
		};
/* End PBXNativeTarget section */

/* Begin PBXProject section */
		DD23A1EE1CB43BE600ACD608 /* Project object */ = {
			isa = PBXProject;
			attributes = {
				LastUpgradeCheck = 0610;
				ORGANIZATIONNAME = "martin dionisi";
				TargetAttributes = {
					DD23A1F51CB43BE600ACD608 = {
						CreatedOnToolsVersion = 6.1.1;
					};
				};
			};
			buildConfigurationList = DD23A1F11CB43BE600ACD608 /* Build configuration list for PBXProject "agenda" */;
			compatibilityVersion = "Xcode 3.2";
			developmentRegion = English;
			hasScannedForEncodings = 0;
			knownRegions = (
				en,
			);
			mainGroup = DD23A1ED1CB43BE600ACD608;
			productRefGroup = DD23A1F71CB43BE600ACD608 /* Products */;
			projectDirPath = "";
			projectRoot = "";
			targets = (
				DD23A1F51CB43BE600ACD608 /* agenda */,
			);
		};
/* End PBXProject section */

/* Begin PBXSourcesBuildPhase section */
		DD23A1F21CB43BE600ACD608 /* Sources */ = {
			isa = PBXSourcesBuildPhase;
			buildActionMask = 2147483647;
			files = (
				DD23A1FA1CB43BE600ACD608 /* main.cpp in Sources */,
			);
			runOnlyForDeploymentPostprocessing = 0;
		};
/* End PBXSourcesBuildPhase section */

/* Begin XCBuildConfiguration section */
		DD23A1FB1CB43BE600ACD608 /* Debug */ = {
			isa = XCBuildConfiguration;
			buildSettings = {
				ALWAYS_SEARCH_USER_PATHS = NO;
				CLANG_CXX_LANGUAGE_STANDARD = "gnu++0x";
				CLANG_CXX_LIBRARY = "libc++";
				CLANG_ENABLE_MODULES = YES;
				CLANG_ENABLE_OBJC_ARC = YES;
				CLANG_WARN_BOOL_CONVERSION = YES;
				CLANG_WARN_CONSTANT_CONVERSION = YES;
				CLANG_WARN_DIRECT_OBJC_ISA_USAGE = YES_ERROR;
				CLANG_WARN_EMPTY_BODY = YES;
				CLANG_WARN_ENUM_CONVERSION = YES;
				CLANG_WARN_INT_CONVERSION = YES;
				CLANG_WARN_OBJC_ROOT_CLASS = YES_ERROR;
				CLANG_WARN_UNREACHABLE_CODE = YES;
				CLANG_WARN__DUPLICATE_METHOD_MATCH = YES;
				COPY_PHASE_STRIP = NO;
				ENABLE_STRICT_OBJC_MSGSEND = YES;
				GCC_C_LANGUAGE_STANDARD = gnu99;
				GCC_DYNAMIC_NO_PIC = NO;
				GCC_OPTIMIZATION_LEVEL = 0;
				GCC_PREPROCESSOR_DEFINITIONS = (
					"DEBUG=1",
					"$(inherited)",
				);
				GCC_SYMBOLS_PRIVATE_EXTERN = NO;
				GCC_WARN_64_TO_32_BIT_CONVERSION = YES;
				GCC_WARN_ABOUT_RETURN_TYPE = YES_ERROR;
				GCC_WARN_UNDECLARED_SELECTOR = YES;
				GCC_WARN_UNINITIALIZED_AUTOS = YES_AGGRESSIVE;
				GCC_WARN_UNUSED_FUNCTION = YES;
				GCC_WARN_UNUSED_VARIABLE = YES;
				MACOSX_DEPLOYMENT_TARGET = 10.11;
				MTL_ENABLE_DEBUG_INFO = YES;
				ONLY_ACTIVE_ARCH = YES;
				SDKROOT = macosx;
			};
			name = Debug;
		};
		DD23A1FC1CB43BE600ACD608 /* Release */ = {
			isa = XCBuildConfiguration;
			buildSettings = {
				ALWAYS_SEARCH_USER_PATHS = NO;
				CLANG_CXX_LANGUAGE_STANDARD = "gnu++0x";
				CLANG_CXX_LIBRARY = "libc++";
				CLANG_ENABLE_MODULES = YES;
				CLANG_ENABLE_OBJC_ARC = YES;
				CLANG_WARN_BOOL_CONVERSION = YES;
				CLANG_WARN_CONSTANT_CONVERSION = YES;
				CLANG_WARN_DIRECT_OBJC_ISA_USAGE = YES_ERROR;
				CLANG_WARN_EMPTY_BODY = YES;
				CLANG_WARN_ENUM_CONVERSION = YES;
				CLANG_WARN_INT_CONVERSION = YES;
				CLANG_WARN_OBJC_ROOT_CLASS = YES_ERROR;
				CLANG_WARN_UNREACHABLE_CODE = YES;
				CLANG_WARN__DUPLICATE_METHOD_MATCH = YES;
				COPY_PHASE_STRIP = YES;
				DEBUG_INFORMATION_FORMAT = "dwarf-with-dsym";
				ENABLE_NS_ASSERTIONS = NO;
				ENABLE_STRICT_OBJC_MSGSEND = YES;
				GCC_C_LANGUAGE_STANDARD = gnu99;
				GCC_WARN_64_TO_32_BIT_CONVERSION = YES;
				GCC_WARN_ABOUT_RETURN_TYPE = YES_ERROR;
				GCC_WARN_UNDECLARED_SELECTOR = YES;
				GCC_WARN_UNINITIALIZED_AUTOS = YES_AGGRESSIVE;
				GCC_WARN_UNUSED_FUNCTION = YES;
				GCC_WARN_UNUSED_VARIABLE = YES;
				MACOSX_DEPLOYMENT_TARGET = 10.11;
				MTL_ENABLE_DEBUG_INFO = NO;
				SDKROOT = macosx;
			};
			name = Release;
		};
		DD23A1FE1CB43BE600ACD608 /* Debug */ = {
			isa = XCBuildConfiguration;
			buildSettings = {
				PRODUCT_NAME = "$(TARGET_NAME)";
			};
			name = Debug;
		};
		DD23A1FF1CB43BE600ACD608 /* Release */ = {
			isa = XCBuildConfiguration;
			buildSettings = {
				PRODUCT_NAME = "$(TARGET_NAME)";
			};
			name = Release;
		};
/* End XCBuildConfiguration section */

/* Begin XCConfigurationList section */
		DD23A1F11CB43BE600ACD608 /* Build configuration list for PBXProject "agenda" */ = {
			isa = XCConfigurationList;
			buildConfigurations = (
				DD23A1FB1CB43BE600ACD608 /* Debug */,
				DD23A1FC1CB43BE600ACD608 /* Release */,
			);
			defaultConfigurationIsVisible = 0;
			defaultConfigurationName = Release;
		};
		DD23A1FD1CB43BE600ACD608 /* Build configuration list for PBXNativeTarget "agenda" */ = {
			isa = XCConfigurationList;
			buildConfigurations = (
				DD23A1FE1CB43BE600ACD608 /* Debug */,
				DD23A1FF1CB43BE600ACD608 /* Release */,
			);
			defaultConfigurationIsVisible = 0;
		};
/* End XCConfigurationList section */
	};
	rootObject = DD23A1EE1CB43BE600ACD608 /* Project object */;
}
